
Microsoft Visual Studio Solution File, Format Version 12.00
# Visual Studio Version 17
VisualStudioVersion = 17.3.32804.467
MinimumVisualStudioVersion = 10.0.40219.1
Project("{9A19103F-16F7-4668-BE54-9A1E7A4F7556}") = "Api", "Api\Api.csproj", "{92052FFA-E75E-4FC0-A3D1-72FBEC9D6EB1}"
EndProject
Project("{9A19103F-16F7-4668-BE54-9A1E7A4F7556}") = "Tests", "Tests\Tests.csproj", "{A5C5F1E4-06C4-4998-87E1-4C3E37FF61CF}"
EndProject
Project("{E53339B2-1760-4266-BCC7-CA923CBCF16C}") = "docker-compose", "docker-compose.dcproj", "{EC809E0E-7E04-4B06-85BB-5427E68ADF82}"
EndProject
Global
	GlobalSection(SolutionConfigurationPlatforms) = preSolution
		Debug|Any CPU = Debug|Any CPU
		Release|Any CPU = Release|Any CPU
	EndGlobalSection
	GlobalSection(ProjectConfigurationPlatforms) = postSolution
		{92052FFA-E75E-4FC0-A3D1-72FBEC9D6EB1}.Debug|Any CPU.ActiveCfg = Debug|Any CPU
		{92052FFA-E75E-4FC0-A3D1-72FBEC9D6EB1}.Debug|Any CPU.Build.0 = Debug|Any CPU
		{92052FFA-E75E-4FC0-A3D1-72FBEC9D6EB1}.Release|Any CPU.ActiveCfg = Release|Any CPU
		{92052FFA-E75E-4FC0-A3D1-72FBEC9D6EB1}.Release|Any CPU.Build.0 = Release|Any CPU
		{A5C5F1E4-06C4-4998-87E1-4C3E37FF61CF}.Debug|Any CPU.ActiveCfg = Debug|Any CPU
		{A5C5F1E4-06C4-4998-87E1-4C3E37FF61CF}.Debug|Any CPU.Build.0 = Debug|Any CPU
		{A5C5F1E4-06C4-4998-87E1-4C3E37FF61CF}.Release|Any CPU.ActiveCfg = Release|Any CPU
		{A5C5F1E4-06C4-4998-87E1-4C3E37FF61CF}.Release|Any CPU.Build.0 = Release|Any CPU
		{EC809E0E-7E04-4B06-85BB-5427E68ADF82}.Debug|Any CPU.ActiveCfg = Debug|Any CPU
		{EC809E0E-7E04-4B06-85BB-5427E68ADF82}.Debug|Any CPU.Build.0 = Debug|Any CPU
		{EC809E0E-7E04-4B06-85BB-5427E68ADF82}.Release|Any CPU.ActiveCfg = Release|Any CPU
		{EC809E0E-7E04-4B06-85BB-5427E68ADF82}.Release|Any CPU.Build.0 = Release|Any CPU
	EndGlobalSection
	GlobalSection(SolutionProperties) = preSolution
		HideSolutionNode = FALSE
	EndGlobalSection
	GlobalSection(ExtensibilityGlobals) = postSolution
		SolutionGuid = {7F0EF21A-04BB-49BF-B958-9839C2C47994}
	EndGlobalSection
EndGlobal
